
Microsoft Visual Studio Solution File, Format Version 12.00
# Visual Studio Version 17
VisualStudioVersion = 17.9.34607.119
MinimumVisualStudioVersion = 10.0.40219.1
Project("{FAE04EC0-301F-11D3-BF4B-00C04F79EFBC}") = "EF.Core.TrackableContext", "EF.Core.TrackableContext\EF.Core.TrackableContext.csproj", "{AB706072-13E7-44F9-80E3-DB548422DFE7}"
EndProject
Project("{FAE04EC0-301F-11D3-BF4B-00C04F79EFBC}") = "Demo", "Demo\Demo.csproj", "{7A3616A7-92DE-47F2-AEA4-07E13CBD62AD}"
EndProject
Global
	GlobalSection(SolutionConfigurationPlatforms) = preSolution
		Debug|Any CPU = Debug|Any CPU
		Release|Any CPU = Release|Any CPU
	EndGlobalSection
	GlobalSection(ProjectConfigurationPlatforms) = postSolution
		{AB706072-13E7-44F9-80E3-DB548422DFE7}.Debug|Any CPU.ActiveCfg = Debug|Any CPU
		{AB706072-13E7-44F9-80E3-DB548422DFE7}.Debug|Any CPU.Build.0 = Debug|Any CPU
		{AB706072-13E7-44F9-80E3-DB548422DFE7}.Release|Any CPU.ActiveCfg = Release|Any CPU
		{AB706072-13E7-44F9-80E3-DB548422DFE7}.Release|Any CPU.Build.0 = Release|Any CPU
		{7A3616A7-92DE-47F2-AEA4-07E13CBD62AD}.Debug|Any CPU.ActiveCfg = Debug|Any CPU
		{7A3616A7-92DE-47F2-AEA4-07E13CBD62AD}.Debug|Any CPU.Build.0 = Debug|Any CPU
		{7A3616A7-92DE-47F2-AEA4-07E13CBD62AD}.Release|Any CPU.ActiveCfg = Release|Any CPU
		{7A3616A7-92DE-47F2-AEA4-07E13CBD62AD}.Release|Any CPU.Build.0 = Release|Any CPU
	EndGlobalSection
	GlobalSection(SolutionProperties) = preSolution
		HideSolutionNode = FALSE
	EndGlobalSection
	GlobalSection(ExtensibilityGlobals) = postSolution
		SolutionGuid = {FC9A3D4C-A51E-40D5-8B6C-FA9F38F9FED8}
	EndGlobalSection
EndGlobal
